
Microsoft Visual Studio Solution File, Format Version 12.00
# Visual Studio Version 17
VisualStudioVersion = 17.7.34018.315
MinimumVisualStudioVersion = 10.0.40219.1
Project("{FAE04EC0-301F-11D3-BF4B-00C04F79EFBC}") = "PrimeNumber.API", "PrimeNumber.API\PrimeNumber.API.csproj", "{5C56F4DE-4BCB-4EB0-9D6C-9F1CAFAF122B}"
EndProject
Project("{FAE04EC0-301F-11D3-BF4B-00C04F79EFBC}") = "PrimeNumber.Core", "PrimeNumber.Core\PrimeNumber.Core.csproj", "{98C4F6BE-3964-4E77-9DDF-7F3DA01D8832}"
EndProject
Project("{FAE04EC0-301F-11D3-BF4B-00C04F79EFBC}") = "PrimeNumber.Repository", "PrimeNumber.Repository\PrimeNumber.Repository.csproj", "{E7790557-0140-4D3D-A876-970DB15EEBC2}"
EndProject
Project("{FAE04EC0-301F-11D3-BF4B-00C04F79EFBC}") = "PrimeNumber.Service", "PrimeNumber.Service\PrimeNumber.Service.csproj", "{32117C95-7AD6-4828-9AE6-8DE354A1C93B}"
EndProject
Global
	GlobalSection(SolutionConfigurationPlatforms) = preSolution
		Debug|Any CPU = Debug|Any CPU
		Release|Any CPU = Release|Any CPU
	EndGlobalSection
	GlobalSection(ProjectConfigurationPlatforms) = postSolution
		{5C56F4DE-4BCB-4EB0-9D6C-9F1CAFAF122B}.Debug|Any CPU.ActiveCfg = Debug|Any CPU
		{5C56F4DE-4BCB-4EB0-9D6C-9F1CAFAF122B}.Debug|Any CPU.Build.0 = Debug|Any CPU
		{5C56F4DE-4BCB-4EB0-9D6C-9F1CAFAF122B}.Release|Any CPU.ActiveCfg = Release|Any CPU
		{5C56F4DE-4BCB-4EB0-9D6C-9F1CAFAF122B}.Release|Any CPU.Build.0 = Release|Any CPU
		{98C4F6BE-3964-4E77-9DDF-7F3DA01D8832}.Debug|Any CPU.ActiveCfg = Debug|Any CPU
		{98C4F6BE-3964-4E77-9DDF-7F3DA01D8832}.Debug|Any CPU.Build.0 = Debug|Any CPU
		{98C4F6BE-3964-4E77-9DDF-7F3DA01D8832}.Release|Any CPU.ActiveCfg = Release|Any CPU
		{98C4F6BE-3964-4E77-9DDF-7F3DA01D8832}.Release|Any CPU.Build.0 = Release|Any CPU
		{E7790557-0140-4D3D-A876-970DB15EEBC2}.Debug|Any CPU.ActiveCfg = Debug|Any CPU
		{E7790557-0140-4D3D-A876-970DB15EEBC2}.Debug|Any CPU.Build.0 = Debug|Any CPU
		{E7790557-0140-4D3D-A876-970DB15EEBC2}.Release|Any CPU.ActiveCfg = Release|Any CPU
		{E7790557-0140-4D3D-A876-970DB15EEBC2}.Release|Any CPU.Build.0 = Release|Any CPU
		{32117C95-7AD6-4828-9AE6-8DE354A1C93B}.Debug|Any CPU.ActiveCfg = Debug|Any CPU
		{32117C95-7AD6-4828-9AE6-8DE354A1C93B}.Debug|Any CPU.Build.0 = Debug|Any CPU
		{32117C95-7AD6-4828-9AE6-8DE354A1C93B}.Release|Any CPU.ActiveCfg = Release|Any CPU
		{32117C95-7AD6-4828-9AE6-8DE354A1C93B}.Release|Any CPU.Build.0 = Release|Any CPU
	EndGlobalSection
	GlobalSection(SolutionProperties) = preSolution
		HideSolutionNode = FALSE
	EndGlobalSection
	GlobalSection(ExtensibilityGlobals) = postSolution
		SolutionGuid = {42476C0F-80EA-4430-B067-E4C6E254A76A}
	EndGlobalSection
EndGlobal
